
Microsoft Visual Studio Solution File, Format Version 12.00
# Visual Studio Version 16
VisualStudioVersion = 16.0.32228.343
MinimumVisualStudioVersion = 10.0.40219.1
Project("{FAE04EC0-301F-11D3-BF4B-00C04F79EFBC}") = "segelServices", "segelServices.csproj", "{779FDEEB-8637-4598-ACF1-18C5FF8FDE3C}"
EndProject
Global
	GlobalSection(SolutionConfigurationPlatforms) = preSolution
		Debug|Any CPU = Debug|Any CPU
		Release|Any CPU = Release|Any CPU
	EndGlobalSection
	GlobalSection(ProjectConfigurationPlatforms) = postSolution
		{779FDEEB-8637-4598-ACF1-18C5FF8FDE3C}.Debug|Any CPU.ActiveCfg = Debug|Any CPU
		{779FDEEB-8637-4598-ACF1-18C5FF8FDE3C}.Debug|Any CPU.Build.0 = Debug|Any CPU
		{779FDEEB-8637-4598-ACF1-18C5FF8FDE3C}.Release|Any CPU.ActiveCfg = Release|Any CPU
		{779FDEEB-8637-4598-ACF1-18C5FF8FDE3C}.Release|Any CPU.Build.0 = Release|Any CPU
	EndGlobalSection
	GlobalSection(SolutionProperties) = preSolution
		HideSolutionNode = FALSE
	EndGlobalSection
	GlobalSection(ExtensibilityGlobals) = postSolution
		SolutionGuid = {5515B5C7-78B1-4BAA-8F7A-78F47B55D17A}
	EndGlobalSection
EndGlobal
